
Microsoft Visual Studio Solution File, Format Version 12.00
# Visual Studio Version 17
VisualStudioVersion = 17.4.33122.133
MinimumVisualStudioVersion = 10.0.40219.1
Project("{FAE04EC0-301F-11D3-BF4B-00C04F79EFBC}") = "CriPakTools", "CriPakTools\CriPakTools.csproj", "{05EC5B1D-DF4F-48D6-A17F-C8AB5FD4A015}"
EndProject
Project("{8BC9CEB8-8B4A-11D0-8D11-00A0C91BC942}") = "LibCRIComp", "LibCRIComp\LibCRIComp.vcxproj", "{E5829A5B-E121-41AA-A84B-E7B4C8DBDF30}"
EndProject
Project("{9A19103F-16F7-4668-BE54-9A1E7A4F7556}") = "CriPakInterfaces", "CriPakInterfaces\CriPakInterfaces.csproj", "{F5989F1F-DD38-485C-9E71-C49C6D29C192}"
EndProject
Project("{9A19103F-16F7-4668-BE54-9A1E7A4F7556}") = "CriPakRepository", "CriPakRepository\CriPakRepository.csproj", "{E53D3C9E-B91A-49FB-8304-1E9046491F54}"
EndProject
Project("{9A19103F-16F7-4668-BE54-9A1E7A4F7556}") = "CriPak", "CriPak\CriPak.csproj", "{6C0ADB3D-F9F3-4C4C-9C4B-E7DB05F27EEB}"
EndProject
Project("{2150E333-8FDC-42A3-9474-1A3956D46DE8}") = "Source", "Source", "{D5556023-E231-4858-865C-033C0189718A}"
EndProject
Project("{9A19103F-16F7-4668-BE54-9A1E7A4F7556}") = "FileRepository", "FileRepository\FileRepository.csproj", "{DFA4C220-E903-450D-A813-CBD36A940140}"
EndProject
Project("{9A19103F-16F7-4668-BE54-9A1E7A4F7556}") = "PatchRepository", "PatchRepository\PatchRepository.csproj", "{EADF0728-B625-462C-887D-4A393115C54F}"
EndProject
Project("{9A19103F-16F7-4668-BE54-9A1E7A4F7556}") = "SectionRepository", "SectionRepository\SectionRepository.csproj", "{54289D3F-4F97-4B5E-802B-293D22015910}"
EndProject
Global
	GlobalSection(SolutionConfigurationPlatforms) = preSolution
		Debug|Any CPU = Debug|Any CPU
		Debug|x64 = Debug|x64
		Debug|x86 = Debug|x86
		Release|Any CPU = Release|Any CPU
		Release|x64 = Release|x64
		Release|x86 = Release|x86
	EndGlobalSection
	GlobalSection(ProjectConfigurationPlatforms) = postSolution
		{05EC5B1D-DF4F-48D6-A17F-C8AB5FD4A015}.Debug|Any CPU.ActiveCfg = Debug|Any CPU
		{05EC5B1D-DF4F-48D6-A17F-C8AB5FD4A015}.Debug|Any CPU.Build.0 = Debug|Any CPU
		{05EC5B1D-DF4F-48D6-A17F-C8AB5FD4A015}.Debug|x64.ActiveCfg = Debug|x64
		{05EC5B1D-DF4F-48D6-A17F-C8AB5FD4A015}.Debug|x64.Build.0 = Debug|x64
		{05EC5B1D-DF4F-48D6-A17F-C8AB5FD4A015}.Debug|x86.ActiveCfg = Debug|x86
		{05EC5B1D-DF4F-48D6-A17F-C8AB5FD4A015}.Debug|x86.Build.0 = Debug|x86
		{05EC5B1D-DF4F-48D6-A17F-C8AB5FD4A015}.Release|Any CPU.ActiveCfg = Release|Any CPU
		{05EC5B1D-DF4F-48D6-A17F-C8AB5FD4A015}.Release|Any CPU.Build.0 = Release|Any CPU
		{05EC5B1D-DF4F-48D6-A17F-C8AB5FD4A015}.Release|x64.ActiveCfg = Release|x64
		{05EC5B1D-DF4F-48D6-A17F-C8AB5FD4A015}.Release|x64.Build.0 = Release|x64
		{05EC5B1D-DF4F-48D6-A17F-C8AB5FD4A015}.Release|x86.ActiveCfg = Release|x86
		{05EC5B1D-DF4F-48D6-A17F-C8AB5FD4A015}.Release|x86.Build.0 = Release|x86
		{E5829A5B-E121-41AA-A84B-E7B4C8DBDF30}.Debug|Any CPU.ActiveCfg = Debug|Win32
		{E5829A5B-E121-41AA-A84B-E7B4C8DBDF30}.Debug|x64.ActiveCfg = Debug|x64
		{E5829A5B-E121-41AA-A84B-E7B4C8DBDF30}.Debug|x64.Build.0 = Debug|x64
		{E5829A5B-E121-41AA-A84B-E7B4C8DBDF30}.Debug|x86.ActiveCfg = Debug|Win32
		{E5829A5B-E121-41AA-A84B-E7B4C8DBDF30}.Debug|x86.Build.0 = Debug|Win32
		{E5829A5B-E121-41AA-A84B-E7B4C8DBDF30}.Release|Any CPU.ActiveCfg = Release|Win32
		{E5829A5B-E121-41AA-A84B-E7B4C8DBDF30}.Release|x64.ActiveCfg = Release|x64
		{E5829A5B-E121-41AA-A84B-E7B4C8DBDF30}.Release|x64.Build.0 = Release|x64
		{E5829A5B-E121-41AA-A84B-E7B4C8DBDF30}.Release|x86.ActiveCfg = Release|Win32
		{E5829A5B-E121-41AA-A84B-E7B4C8DBDF30}.Release|x86.Build.0 = Release|Win32
		{F5989F1F-DD38-485C-9E71-C49C6D29C192}.Debug|Any CPU.ActiveCfg = Debug|Any CPU
		{F5989F1F-DD38-485C-9E71-C49C6D29C192}.Debug|Any CPU.Build.0 = Debug|Any CPU
		{F5989F1F-DD38-485C-9E71-C49C6D29C192}.Debug|x64.ActiveCfg = Debug|Any CPU
		{F5989F1F-DD38-485C-9E71-C49C6D29C192}.Debug|x64.Build.0 = Debug|Any CPU
		{F5989F1F-DD38-485C-9E71-C49C6D29C192}.Debug|x86.ActiveCfg = Debug|Any CPU
		{F5989F1F-DD38-485C-9E71-C49C6D29C192}.Debug|x86.Build.0 = Debug|Any CPU
		{F5989F1F-DD38-485C-9E71-C49C6D29C192}.Release|Any CPU.ActiveCfg = Release|Any CPU
		{F5989F1F-DD38-485C-9E71-C49C6D29C192}.Release|Any CPU.Build.0 = Release|Any CPU
		{F5989F1F-DD38-485C-9E71-C49C6D29C192}.Release|x64.ActiveCfg = Release|Any CPU
		{F5989F1F-DD38-485C-9E71-C49C6D29C192}.Release|x64.Build.0 = Release|Any CPU
		{F5989F1F-DD38-485C-9E71-C49C6D29C192}.Release|x86.ActiveCfg = Release|Any CPU
		{F5989F1F-DD38-485C-9E71-C49C6D29C192}.Release|x86.Build.0 = Release|Any CPU
		{E53D3C9E-B91A-49FB-8304-1E9046491F54}.Debug|Any CPU.ActiveCfg = Debug|Any CPU
		{E53D3C9E-B91A-49FB-8304-1E9046491F54}.Debug|Any CPU.Build.0 = Debug|Any CPU
		{E53D3C9E-B91A-49FB-8304-1E9046491F54}.Debug|x64.ActiveCfg = Debug|Any CPU
		{E53D3C9E-B91A-49FB-8304-1E9046491F54}.Debug|x64.Build.0 = Debug|Any CPU
		{E53D3C9E-B91A-49FB-8304-1E9046491F54}.Debug|x86.ActiveCfg = Debug|Any CPU
		{E53D3C9E-B91A-49FB-8304-1E9046491F54}.Debug|x86.Build.0 = Debug|Any CPU
		{E53D3C9E-B91A-49FB-8304-1E9046491F54}.Release|Any CPU.ActiveCfg = Release|Any CPU
		{E53D3C9E-B91A-49FB-8304-1E9046491F54}.Release|Any CPU.Build.0 = Release|Any CPU
		{E53D3C9E-B91A-49FB-8304-1E9046491F54}.Release|x64.ActiveCfg = Release|Any CPU
		{E53D3C9E-B91A-49FB-8304-1E9046491F54}.Release|x64.Build.0 = Release|Any CPU
		{E53D3C9E-B91A-49FB-8304-1E9046491F54}.Release|x86.ActiveCfg = Release|Any CPU
		{E53D3C9E-B91A-49FB-8304-1E9046491F54}.Release|x86.Build.0 = Release|Any CPU
		{6C0ADB3D-F9F3-4C4C-9C4B-E7DB05F27EEB}.Debug|Any CPU.ActiveCfg = Debug|Any CPU
		{6C0ADB3D-F9F3-4C4C-9C4B-E7DB05F27EEB}.Debug|Any CPU.Build.0 = Debug|Any CPU
		{6C0ADB3D-F9F3-4C4C-9C4B-E7DB05F27EEB}.Debug|x64.ActiveCfg = Debug|Any CPU
		{6C0ADB3D-F9F3-4C4C-9C4B-E7DB05F27EEB}.Debug|x64.Build.0 = Debug|Any CPU
		{6C0ADB3D-F9F3-4C4C-9C4B-E7DB05F27EEB}.Debug|x86.ActiveCfg = Debug|Any CPU
		{6C0ADB3D-F9F3-4C4C-9C4B-E7DB05F27EEB}.Debug|x86.Build.0 = Debug|Any CPU
		{6C0ADB3D-F9F3-4C4C-9C4B-E7DB05F27EEB}.Release|Any CPU.ActiveCfg = Release|Any CPU
		{6C0ADB3D-F9F3-4C4C-9C4B-E7DB05F27EEB}.Release|Any CPU.Build.0 = Release|Any CPU
		{6C0ADB3D-F9F3-4C4C-9C4B-E7DB05F27EEB}.Release|x64.ActiveCfg = Release|Any CPU
		{6C0ADB3D-F9F3-4C4C-9C4B-E7DB05F27EEB}.Release|x64.Build.0 = Release|Any CPU
		{6C0ADB3D-F9F3-4C4C-9C4B-E7DB05F27EEB}.Release|x86.ActiveCfg = Release|Any CPU
		{6C0ADB3D-F9F3-4C4C-9C4B-E7DB05F27EEB}.Release|x86.Build.0 = Release|Any CPU
		{DFA4C220-E903-450D-A813-CBD36A940140}.Debug|Any CPU.ActiveCfg = Debug|Any CPU
		{DFA4C220-E903-450D-A813-CBD36A940140}.Debug|Any CPU.Build.0 = Debug|Any CPU
		{DFA4C220-E903-450D-A813-CBD36A940140}.Debug|x64.ActiveCfg = Debug|Any CPU
		{DFA4C220-E903-450D-A813-CBD36A940140}.Debug|x64.Build.0 = Debug|Any CPU
		{DFA4C220-E903-450D-A813-CBD36A940140}.Debug|x86.ActiveCfg = Debug|Any CPU
		{DFA4C220-E903-450D-A813-CBD36A940140}.Debug|x86.Build.0 = Debug|Any CPU
		{DFA4C220-E903-450D-A813-CBD36A940140}.Release|Any CPU.ActiveCfg = Release|Any CPU
		{DFA4C220-E903-450D-A813-CBD36A940140}.Release|Any CPU.Build.0 = Release|Any CPU
		{DFA4C220-E903-450D-A813-CBD36A940140}.Release|x64.ActiveCfg = Release|Any CPU
		{DFA4C220-E903-450D-A813-CBD36A940140}.Release|x64.Build.0 = Release|Any CPU
		{DFA4C220-E903-450D-A813-CBD36A940140}.Release|x86.ActiveCfg = Release|Any CPU
		{DFA4C220-E903-450D-A813-CBD36A940140}.Release|x86.Build.0 = Release|Any CPU
		{EADF0728-B625-462C-887D-4A393115C54F}.Debug|Any CPU.ActiveCfg = Debug|Any CPU
		{EADF0728-B625-462C-887D-4A393115C54F}.Debug|Any CPU.Build.0 = Debug|Any CPU
		{EADF0728-B625-462C-887D-4A393115C54F}.Debug|x64.ActiveCfg = Debug|Any CPU
		{EADF0728-B625-462C-887D-4A393115C54F}.Debug|x64.Build.0 = Debug|Any CPU
		{EADF0728-B625-462C-887D-4A393115C54F}.Debug|x86.ActiveCfg = Debug|Any CPU
		{EADF0728-B625-462C-887D-4A393115C54F}.Debug|x86.Build.0 = Debug|Any CPU
		{EADF0728-B625-462C-887D-4A393115C54F}.Release|Any CPU.ActiveCfg = Release|Any CPU
		{EADF0728-B625-462C-887D-4A393115C54F}.Release|Any CPU.Build.0 = Release|Any CPU
		{EADF0728-B625-462C-887D-4A393115C54F}.Release|x64.ActiveCfg = Release|Any CPU
		{EADF0728-B625-462C-887D-4A393115C54F}.Release|x64.Build.0 = Release|Any CPU
		{EADF0728-B625-462C-887D-4A393115C54F}.Release|x86.ActiveCfg = Release|Any CPU
		{EADF0728-B625-462C-887D-4A393115C54F}.Release|x86.Build.0 = Release|Any CPU
		{54289D3F-4F97-4B5E-802B-293D22015910}.Debug|Any CPU.ActiveCfg = Debug|Any CPU
		{54289D3F-4F97-4B5E-802B-293D22015910}.Debug|Any CPU.Build.0 = Debug|Any CPU
		{54289D3F-4F97-4B5E-802B-293D22015910}.Debug|x64.ActiveCfg = Debug|Any CPU
		{54289D3F-4F97-4B5E-802B-293D22015910}.Debug|x64.Build.0 = Debug|Any CPU
		{54289D3F-4F97-4B5E-802B-293D22015910}.Debug|x86.ActiveCfg = Debug|Any CPU
		{54289D3F-4F97-4B5E-802B-293D22015910}.Debug|x86.Build.0 = Debug|Any CPU
		{54289D3F-4F97-4B5E-802B-293D22015910}.Release|Any CPU.ActiveCfg = Release|Any CPU
		{54289D3F-4F97-4B5E-802B-293D22015910}.Release|Any CPU.Build.0 = Release|Any CPU
		{54289D3F-4F97-4B5E-802B-293D22015910}.Release|x64.ActiveCfg = Release|Any CPU
		{54289D3F-4F97-4B5E-802B-293D22015910}.Release|x64.Build.0 = Release|Any CPU
		{54289D3F-4F97-4B5E-802B-293D22015910}.Release|x86.ActiveCfg = Release|Any CPU
		{54289D3F-4F97-4B5E-802B-293D22015910}.Release|x86.Build.0 = Release|Any CPU
	EndGlobalSection
	GlobalSection(SolutionProperties) = preSolution
		HideSolutionNode = FALSE
	EndGlobalSection
	GlobalSection(NestedProjects) = preSolution
		{DFA4C220-E903-450D-A813-CBD36A940140} = {D5556023-E231-4858-865C-033C0189718A}
		{EADF0728-B625-462C-887D-4A393115C54F} = {D5556023-E231-4858-865C-033C0189718A}
		{54289D3F-4F97-4B5E-802B-293D22015910} = {D5556023-E231-4858-865C-033C0189718A}
	EndGlobalSection
	GlobalSection(ExtensibilityGlobals) = postSolution
		SolutionGuid = {770B89CA-7183-4E2F-A24E-0E1920153831}
	EndGlobalSection
EndGlobal
